// !$*UTF8*$!
{
	archiveVersion = 1;
	classes = {
	};
	objectVersion = 50;
	objects = {

/* Begin PBXBuildFile section */
		A701175F20EE320F00B3D45B /* WebKit.framework in Frameworks */ = {isa = PBXBuildFile; fileRef = A701175E20EE320F00B3D45B /* WebKit.framework */; };
		A701176520EE677F00B3D45B /* Main.storyboard in Resources */ = {isa = PBXBuildFile; fileRef = A701176320EE677F00B3D45B /* Main.storyboard */; };
		A73FDCF420FA9C72007EBF4F /* NXExec.m in Sources */ = {isa = PBXBuildFile; fileRef = A73FDCEC20FA9C71007EBF4F /* NXExec.m */; };
		A73FDCF520FA9C72007EBF4F /* NXUSBDeviceEnumerator.m in Sources */ = {isa = PBXBuildFile; fileRef = A73FDCEE20FA9C71007EBF4F /* NXUSBDeviceEnumerator.m */; };
		A73FDCF720FA9C72007EBF4F /* NXUSBDevice.m in Sources */ = {isa = PBXBuildFile; fileRef = A73FDCF220FA9C72007EBF4F /* NXUSBDevice.m */; };
		A73FDCF820FA9D08007EBF4F /* libNXBootKit.a in Frameworks */ = {isa = PBXBuildFile; fileRef = A73FDCE320FA9C5C007EBF4F /* libNXBootKit.a */; };
		A7458B4A20EF8286008F4899 /* GettingStartedViewController.m in Sources */ = {isa = PBXBuildFile; fileRef = A7458B4920EF8286008F4899 /* GettingStartedViewController.m */; };
		A7458B4C20EF86C7008F4899 /* Payloads in Resources */ = {isa = PBXBuildFile; fileRef = A7458B4B20EF86C7008F4899 /* Payloads */; };
		A7458B4E20EF86D5008F4899 /* Tutorial in Resources */ = {isa = PBXBuildFile; fileRef = A7458B4D20EF86D5008F4899 /* Tutorial */; };
		A765643F20F4D265005EC7E6 /* AppConfig.m in Sources */ = {isa = PBXBuildFile; fileRef = A765643E20F4D265005EC7E6 /* AppConfig.m */; };
		A78BBEC920EE30F4007C3514 /* IOKit.framework in Frameworks */ = {isa = PBXBuildFile; fileRef = A78BBEC820EE30F4007C3514 /* IOKit.framework */; };
		A78D523520F343EC0045FC4F /* AboutScreenViewController.m in Sources */ = {isa = PBXBuildFile; fileRef = A78D523420F343EC0045FC4F /* AboutScreenViewController.m */; };
		A7999ECA20F5761B00F659EB /* PackageIcon.png in Resources */ = {isa = PBXBuildFile; fileRef = A7999EC920F5761B00F659EB /* PackageIcon.png */; };
		A7AD2A1120F63A3500D1A400 /* libMobileGestalt.tbd in Frameworks */ = {isa = PBXBuildFile; fileRef = A7AD2A1020F63A3500D1A400 /* libMobileGestalt.tbd */; };
		A7B7E1FD20EE738300F39094 /* BootProfilesViewController.m in Sources */ = {isa = PBXBuildFile; fileRef = A7B7E1FC20EE738300F39094 /* BootProfilesViewController.m */; };
		A7C4EA1620EE2D1B0026FFC9 /* MainViewController.m in Sources */ = {isa = PBXBuildFile; fileRef = A7C4EA1520EE2D1B0026FFC9 /* MainViewController.m */; };
		A7F0A88C20F4837F001C9D07 /* BootProfileEditViewController.m in Sources */ = {isa = PBXBuildFile; fileRef = A7F0A88B20F4837F001C9D07 /* BootProfileEditViewController.m */; };
		A7F0A88F20F48492001C9D07 /* Model.xcdatamodeld in Sources */ = {isa = PBXBuildFile; fileRef = A7F0A88D20F48492001C9D07 /* Model.xcdatamodeld */; };
		A7FDBE1920EE27DD00E59587 /* AppDelegate.m in Sources */ = {isa = PBXBuildFile; fileRef = A7FDBE1820EE27DD00E59587 /* AppDelegate.m */; };
		A7FDBE2120EE27DE00E59587 /* Assets.xcassets in Resources */ = {isa = PBXBuildFile; fileRef = A7FDBE2020EE27DE00E59587 /* Assets.xcassets */; };
		A7FDBE2420EE27DE00E59587 /* LaunchScreen.storyboard in Resources */ = {isa = PBXBuildFile; fileRef = A7FDBE2220EE27DE00E59587 /* LaunchScreen.storyboard */; };
		A7FDBE2720EE27DE00E59587 /* main.m in Sources */ = {isa = PBXBuildFile; fileRef = A7FDBE2620EE27DE00E59587 /* main.m */; };
		DC1D6A26516D93CA82A07B67 /* libPods-NXBoot.a in Frameworks */ = {isa = PBXBuildFile; fileRef = EC23C54F4535F403654E2FB8 /* libPods-NXBoot.a */; };
/* End PBXBuildFile section */

/* Begin PBXCopyFilesBuildPhase section */
		A73FDCE120FA9C5C007EBF4F /* CopyFiles */ = {
			isa = PBXCopyFilesBuildPhase;
			buildActionMask = 2147483647;
			dstPath = "include/$(PRODUCT_NAME)";
			dstSubfolderSpec = 16;
			files = (
			);
			runOnlyForDeploymentPostprocessing = 0;
		};
/* End PBXCopyFilesBuildPhase section */

/* Begin PBXFileReference section */
		4F766E22F690D25403AB12FC /* Pods-NXBoot.release.xcconfig */ = {isa = PBXFileReference; includeInIndex = 1; lastKnownFileType = text.xcconfig; name = "Pods-NXBoot.release.xcconfig"; path = "Pods/Target Support Files/Pods-NXBoot/Pods-NXBoot.release.xcconfig"; sourceTree = "<group>"; };
		A701175E20EE320F00B3D45B /* WebKit.framework */ = {isa = PBXFileReference; lastKnownFileType = wrapper.framework; name = WebKit.framework; path = System/Library/Frameworks/WebKit.framework; sourceTree = SDKROOT; };
		A701176420EE677F00B3D45B /* Base */ = {isa = PBXFileReference; lastKnownFileType = file.storyboard; name = Base; path = Base.lproj/Main.storyboard; sourceTree = "<group>"; };
		A73FDCE320FA9C5C007EBF4F /* libNXBootKit.a */ = {isa = PBXFileReference; explicitFileType = archive.ar; includeInIndex = 0; path = libNXBootKit.a; sourceTree = BUILT_PRODUCTS_DIR; };
		A73FDCEC20FA9C71007EBF4F /* NXExec.m */ = {isa = PBXFileReference; fileEncoding = 4; lastKnownFileType = sourcecode.c.objc; path = NXExec.m; sourceTree = "<group>"; };
		A73FDCED20FA9C71007EBF4F /* NXUSBDevice.h */ = {isa = PBXFileReference; fileEncoding = 4; lastKnownFileType = sourcecode.c.h; path = NXUSBDevice.h; sourceTree = "<group>"; };
		A73FDCEE20FA9C71007EBF4F /* NXUSBDeviceEnumerator.m */ = {isa = PBXFileReference; fileEncoding = 4; lastKnownFileType = sourcecode.c.objc; path = NXUSBDeviceEnumerator.m; sourceTree = "<group>"; };
		A73FDCF120FA9C72007EBF4F /* NXExec.h */ = {isa = PBXFileReference; fileEncoding = 4; lastKnownFileType = sourcecode.c.h; path = NXExec.h; sourceTree = "<group>"; };
		A73FDCF220FA9C72007EBF4F /* NXUSBDevice.m */ = {isa = PBXFileReference; fileEncoding = 4; lastKnownFileType = sourcecode.c.objc; path = NXUSBDevice.m; sourceTree = "<group>"; };
		A73FDCF320FA9C72007EBF4F /* NXUSBDeviceEnumerator.h */ = {isa = PBXFileReference; fileEncoding = 4; lastKnownFileType = sourcecode.c.h; path = NXUSBDeviceEnumerator.h; sourceTree = "<group>"; };
		A7458B4820EF8286008F4899 /* GettingStartedViewController.h */ = {isa = PBXFileReference; lastKnownFileType = sourcecode.c.h; path = GettingStartedViewController.h; sourceTree = "<group>"; };
		A7458B4920EF8286008F4899 /* GettingStartedViewController.m */ = {isa = PBXFileReference; lastKnownFileType = sourcecode.c.objc; path = GettingStartedViewController.m; sourceTree = "<group>"; };
		A7458B4B20EF86C7008F4899 /* Payloads */ = {isa = PBXFileReference; lastKnownFileType = folder; path = Payloads; sourceTree = "<group>"; };
		A7458B4D20EF86D5008F4899 /* Tutorial */ = {isa = PBXFileReference; lastKnownFileType = folder; path = Tutorial; sourceTree = "<group>"; };
		A75A515A20F75C4F00FCEF84 /* NXBoot.entitlements */ = {isa = PBXFileReference; lastKnownFileType = text.plist.entitlements; path = NXBoot.entitlements; sourceTree = "<group>"; };
		A765643D20F4D265005EC7E6 /* AppConfig.h */ = {isa = PBXFileReference; lastKnownFileType = sourcecode.c.h; path = AppConfig.h; sourceTree = "<group>"; };
		A765643E20F4D265005EC7E6 /* AppConfig.m */ = {isa = PBXFileReference; lastKnownFileType = sourcecode.c.objc; path = AppConfig.m; sourceTree = "<group>"; };
		A78BBEC820EE30F4007C3514 /* IOKit.framework */ = {isa = PBXFileReference; lastKnownFileType = wrapper.framework; name = IOKit.framework; path = System/Library/Frameworks/IOKit.framework; sourceTree = SDKROOT; };
		A78D523320F343EC0045FC4F /* AboutScreenViewController.h */ = {isa = PBXFileReference; lastKnownFileType = sourcecode.c.h; path = AboutScreenViewController.h; sourceTree = "<group>"; };
		A78D523420F343EC0045FC4F /* AboutScreenViewController.m */ = {isa = PBXFileReference; lastKnownFileType = sourcecode.c.objc; path = AboutScreenViewController.m; sourceTree = "<group>"; };
		A7999EC920F5761B00F659EB /* PackageIcon.png */ = {isa = PBXFileReference; lastKnownFileType = image.png; path = PackageIcon.png; sourceTree = "<group>"; };
		A7AD2A1020F63A3500D1A400 /* libMobileGestalt.tbd */ = {isa = PBXFileReference; lastKnownFileType = "sourcecode.text-based-dylib-definition"; name = libMobileGestalt.tbd; path = usr/lib/libMobileGestalt.tbd; sourceTree = SDKROOT; };
		A7B7E1FB20EE738300F39094 /* BootProfilesViewController.h */ = {isa = PBXFileReference; lastKnownFileType = sourcecode.c.h; path = BootProfilesViewController.h; sourceTree = "<group>"; };
		A7B7E1FC20EE738300F39094 /* BootProfilesViewController.m */ = {isa = PBXFileReference; lastKnownFileType = sourcecode.c.objc; path = BootProfilesViewController.m; sourceTree = "<group>"; };
		A7C4EA1420EE2D1B0026FFC9 /* MainViewController.h */ = {isa = PBXFileReference; lastKnownFileType = sourcecode.c.h; path = MainViewController.h; sourceTree = "<group>"; };
		A7C4EA1520EE2D1B0026FFC9 /* MainViewController.m */ = {isa = PBXFileReference; lastKnownFileType = sourcecode.c.objc; path = MainViewController.m; sourceTree = "<group>"; };
		A7F0A88A20F4837F001C9D07 /* BootProfileEditViewController.h */ = {isa = PBXFileReference; lastKnownFileType = sourcecode.c.h; path = BootProfileEditViewController.h; sourceTree = "<group>"; };
		A7F0A88B20F4837F001C9D07 /* BootProfileEditViewController.m */ = {isa = PBXFileReference; lastKnownFileType = sourcecode.c.objc; path = BootProfileEditViewController.m; sourceTree = "<group>"; };
		A7F0A88E20F48492001C9D07 /* Model.xcdatamodel */ = {isa = PBXFileReference; lastKnownFileType = wrapper.xcdatamodel; path = Model.xcdatamodel; sourceTree = "<group>"; };
		A7FDBE1420EE27DD00E59587 /* NXBoot.app */ = {isa = PBXFileReference; explicitFileType = wrapper.application; includeInIndex = 0; path = NXBoot.app; sourceTree = BUILT_PRODUCTS_DIR; };
		A7FDBE1720EE27DD00E59587 /* AppDelegate.h */ = {isa = PBXFileReference; lastKnownFileType = sourcecode.c.h; path = AppDelegate.h; sourceTree = "<group>"; };
		A7FDBE1820EE27DD00E59587 /* AppDelegate.m */ = {isa = PBXFileReference; lastKnownFileType = sourcecode.c.objc; path = AppDelegate.m; sourceTree = "<group>"; };
		A7FDBE2020EE27DE00E59587 /* Assets.xcassets */ = {isa = PBXFileReference; lastKnownFileType = folder.assetcatalog; path = Assets.xcassets; sourceTree = "<group>"; };
		A7FDBE2320EE27DE00E59587 /* Base */ = {isa = PBXFileReference; lastKnownFileType = file.storyboard; name = Base; path = Base.lproj/LaunchScreen.storyboard; sourceTree = "<group>"; };
		A7FDBE2520EE27DE00E59587 /* Info.plist */ = {isa = PBXFileReference; lastKnownFileType = text.plist.xml; path = Info.plist; sourceTree = "<group>"; };
		A7FDBE2620EE27DE00E59587 /* main.m */ = {isa = PBXFileReference; lastKnownFileType = sourcecode.c.objc; path = main.m; sourceTree = "<group>"; };
		CCB33A19B7CC97EB47546F4F /* Pods-NXBoot.debug.xcconfig */ = {isa = PBXFileReference; includeInIndex = 1; lastKnownFileType = text.xcconfig; name = "Pods-NXBoot.debug.xcconfig"; path = "Pods/Target Support Files/Pods-NXBoot/Pods-NXBoot.debug.xcconfig"; sourceTree = "<group>"; };
		EC23C54F4535F403654E2FB8 /* libPods-NXBoot.a */ = {isa = PBXFileReference; explicitFileType = archive.ar; includeInIndex = 0; path = "libPods-NXBoot.a"; sourceTree = BUILT_PRODUCTS_DIR; };
/* End PBXFileReference section */

/* Begin PBXFrameworksBuildPhase section */
		A73FDCE020FA9C5C007EBF4F /* Frameworks */ = {
			isa = PBXFrameworksBuildPhase;
			buildActionMask = 2147483647;
			files = (
			);
			runOnlyForDeploymentPostprocessing = 0;
		};
		A7FDBE1120EE27DD00E59587 /* Frameworks */ = {
			isa = PBXFrameworksBuildPhase;
			buildActionMask = 2147483647;
			files = (
				A78BBEC920EE30F4007C3514 /* IOKit.framework in Frameworks */,
				A701175F20EE320F00B3D45B /* WebKit.framework in Frameworks */,
				A7AD2A1120F63A3500D1A400 /* libMobileGestalt.tbd in Frameworks */,
				A73FDCF820FA9D08007EBF4F /* libNXBootKit.a in Frameworks */,
				DC1D6A26516D93CA82A07B67 /* libPods-NXBoot.a in Frameworks */,
			);
			runOnlyForDeploymentPostprocessing = 0;
		};
/* End PBXFrameworksBuildPhase section */

/* Begin PBXGroup section */
		422DE3698D5FA49548658B9F /* Pods */ = {
			isa = PBXGroup;
			children = (
				CCB33A19B7CC97EB47546F4F /* Pods-NXBoot.debug.xcconfig */,
				4F766E22F690D25403AB12FC /* Pods-NXBoot.release.xcconfig */,
			);
			name = Pods;
			sourceTree = "<group>";
		};
		A73FDCE420FA9C5C007EBF4F /* NXBootKit */ = {
			isa = PBXGroup;
			children = (
				A73FDCF120FA9C72007EBF4F /* NXExec.h */,
				A73FDCEC20FA9C71007EBF4F /* NXExec.m */,
				A73FDCED20FA9C71007EBF4F /* NXUSBDevice.h */,
				A73FDCF220FA9C72007EBF4F /* NXUSBDevice.m */,
				A73FDCF320FA9C72007EBF4F /* NXUSBDeviceEnumerator.h */,
				A73FDCEE20FA9C71007EBF4F /* NXUSBDeviceEnumerator.m */,
			);
			path = NXBootKit;
			sourceTree = "<group>";
		};
		A7C4EA1220EE2AFA0026FFC9 /* Misc */ = {
			isa = PBXGroup;
			children = (
				A7FDBE2520EE27DE00E59587 /* Info.plist */,
				A7FDBE2620EE27DE00E59587 /* main.m */,
				A75A515A20F75C4F00FCEF84 /* NXBoot.entitlements */,
			);
			name = Misc;
			sourceTree = "<group>";
		};
		A7C4EA1320EE2B050026FFC9 /* Sources */ = {
			isa = PBXGroup;
			children = (
				A7FDBE1720EE27DD00E59587 /* AppDelegate.h */,
				A7FDBE1820EE27DD00E59587 /* AppDelegate.m */,
				A78D523320F343EC0045FC4F /* AboutScreenViewController.h */,
				A78D523420F343EC0045FC4F /* AboutScreenViewController.m */,
				A7F0A88A20F4837F001C9D07 /* BootProfileEditViewController.h */,
				A7F0A88B20F4837F001C9D07 /* BootProfileEditViewController.m */,
				A7B7E1FB20EE738300F39094 /* BootProfilesViewController.h */,
				A7B7E1FC20EE738300F39094 /* BootProfilesViewController.m */,
				A765643D20F4D265005EC7E6 /* AppConfig.h */,
				A765643E20F4D265005EC7E6 /* AppConfig.m */,
				A7458B4820EF8286008F4899 /* GettingStartedViewController.h */,
				A7458B4920EF8286008F4899 /* GettingStartedViewController.m */,
				A7C4EA1420EE2D1B0026FFC9 /* MainViewController.h */,
				A7C4EA1520EE2D1B0026FFC9 /* MainViewController.m */,
				A7F0A88D20F48492001C9D07 /* Model.xcdatamodeld */,
			);
			name = Sources;
			sourceTree = "<group>";
		};
		A7FDBE0B20EE27DD00E59587 = {
			isa = PBXGroup;
			children = (
				A7FDBE1620EE27DD00E59587 /* NXBoot */,
				A73FDCE420FA9C5C007EBF4F /* NXBootKit */,
				A7FDBE1520EE27DD00E59587 /* Products */,
				A7FDBE2D20EE2A1700E59587 /* Frameworks */,
				422DE3698D5FA49548658B9F /* Pods */,
			);
			sourceTree = "<group>";
		};
		A7FDBE1520EE27DD00E59587 /* Products */ = {
			isa = PBXGroup;
			children = (
				A7FDBE1420EE27DD00E59587 /* NXBoot.app */,
				A73FDCE320FA9C5C007EBF4F /* libNXBootKit.a */,
			);
			name = Products;
			sourceTree = "<group>";
		};
		A7FDBE1620EE27DD00E59587 /* NXBoot */ = {
			isa = PBXGroup;
			children = (
				A7C4EA1220EE2AFA0026FFC9 /* Misc */,
				A7FDBE3320EE2AC600E59587 /* Resources */,
				A7C4EA1320EE2B050026FFC9 /* Sources */,
			);
			path = NXBoot;
			sourceTree = "<group>";
		};
		A7FDBE2D20EE2A1700E59587 /* Frameworks */ = {
			isa = PBXGroup;
			children = (
				A7AD2A1020F63A3500D1A400 /* libMobileGestalt.tbd */,
				A78BBEC820EE30F4007C3514 /* IOKit.framework */,
				A701175E20EE320F00B3D45B /* WebKit.framework */,
				EC23C54F4535F403654E2FB8 /* libPods-NXBoot.a */,
			);
			name = Frameworks;
			sourceTree = "<group>";
		};
		A7FDBE3320EE2AC600E59587 /* Resources */ = {
			isa = PBXGroup;
			children = (
				A7FDBE2020EE27DE00E59587 /* Assets.xcassets */,
				A7458B4B20EF86C7008F4899 /* Payloads */,
				A7458B4D20EF86D5008F4899 /* Tutorial */,
				A7FDBE2220EE27DE00E59587 /* LaunchScreen.storyboard */,
				A701176320EE677F00B3D45B /* Main.storyboard */,
				A7999EC920F5761B00F659EB /* PackageIcon.png */,
			);
			name = Resources;
			sourceTree = "<group>";
		};
/* End PBXGroup section */

/* Begin PBXNativeTarget section */
		A73FDCE220FA9C5C007EBF4F /* NXBootKit */ = {
			isa = PBXNativeTarget;
			buildConfigurationList = A73FDCE920FA9C5C007EBF4F /* Build configuration list for PBXNativeTarget "NXBootKit" */;
			buildPhases = (
				A73FDCDF20FA9C5C007EBF4F /* Sources */,
				A73FDCE020FA9C5C007EBF4F /* Frameworks */,
				A73FDCE120FA9C5C007EBF4F /* CopyFiles */,
			);
			buildRules = (
			);
			dependencies = (
			);
			name = NXBootKit;
			productName = NXBootKit;
			productReference = A73FDCE320FA9C5C007EBF4F /* libNXBootKit.a */;
			productType = "com.apple.product-type.library.static";
		};
		A7FDBE1320EE27DD00E59587 /* NXBoot */ = {
			isa = PBXNativeTarget;
			buildConfigurationList = A7FDBE2A20EE27DE00E59587 /* Build configuration list for PBXNativeTarget "NXBoot" */;
			buildPhases = (
				3C08ED910276C0BDC8112FF6 /* [CP] Check Pods Manifest.lock */,
				A7FDBE1020EE27DD00E59587 /* Sources */,
				A7FDBE1120EE27DD00E59587 /* Frameworks */,
				A7FDBE1220EE27DD00E59587 /* Resources */,
			);
			buildRules = (
			);
			dependencies = (
			);
			name = NXBoot;
			productName = NXBoot;
			productReference = A7FDBE1420EE27DD00E59587 /* NXBoot.app */;
			productType = "com.apple.product-type.application";
		};
/* End PBXNativeTarget section */

/* Begin PBXProject section */
		A7FDBE0C20EE27DD00E59587 /* Project object */ = {
			isa = PBXProject;
			attributes = {
				LastUpgradeCheck = 0940;
				ORGANIZATIONNAME = "Oliver Kuckertz";
				TargetAttributes = {
					A73FDCE220FA9C5C007EBF4F = {
						CreatedOnToolsVersion = 9.4.1;
					};
					A7FDBE1320EE27DD00E59587 = {
						CreatedOnToolsVersion = 9.4.1;
						SystemCapabilities = {
							com.apple.iCloud = {
								enabled = 1;
							};
						};
					};
				};
			};
			buildConfigurationList = A7FDBE0F20EE27DD00E59587 /* Build configuration list for PBXProject "NXBoot" */;
			compatibilityVersion = "Xcode 9.3";
			developmentRegion = en;
			hasScannedForEncodings = 0;
			knownRegions = (
				en,
				Base,
			);
			mainGroup = A7FDBE0B20EE27DD00E59587;
			productRefGroup = A7FDBE1520EE27DD00E59587 /* Products */;
			projectDirPath = "";
			projectRoot = "";
			targets = (
				A7FDBE1320EE27DD00E59587 /* NXBoot */,
				A73FDCE220FA9C5C007EBF4F /* NXBootKit */,
			);
		};
/* End PBXProject section */

/* Begin PBXResourcesBuildPhase section */
		A7FDBE1220EE27DD00E59587 /* Resources */ = {
			isa = PBXResourcesBuildPhase;
			buildActionMask = 2147483647;
			files = (
				A701176520EE677F00B3D45B /* Main.storyboard in Resources */,
				A7999ECA20F5761B00F659EB /* PackageIcon.png in Resources */,
				A7458B4C20EF86C7008F4899 /* Payloads in Resources */,
				A7458B4E20EF86D5008F4899 /* Tutorial in Resources */,
				A7FDBE2420EE27DE00E59587 /* LaunchScreen.storyboard in Resources */,
				A7FDBE2120EE27DE00E59587 /* Assets.xcassets in Resources */,
			);
			runOnlyForDeploymentPostprocessing = 0;
		};
/* End PBXResourcesBuildPhase section */

/* Begin PBXShellScriptBuildPhase section */
		3C08ED910276C0BDC8112FF6 /* [CP] Check Pods Manifest.lock */ = {
			isa = PBXShellScriptBuildPhase;
			buildActionMask = 2147483647;
			files = (
			);
			inputPaths = (
				"${PODS_PODFILE_DIR_PATH}/Podfile.lock",
				"${PODS_ROOT}/Manifest.lock",
			);
			name = "[CP] Check Pods Manifest.lock";
			outputPaths = (
				"$(DERIVED_FILE_DIR)/Pods-NXBoot-checkManifestLockResult.txt",
			);
			runOnlyForDeploymentPostprocessing = 0;
			shellPath = /bin/sh;
			shellScript = "diff \"${PODS_PODFILE_DIR_PATH}/Podfile.lock\" \"${PODS_ROOT}/Manifest.lock\" > /dev/null\nif [ $? != 0 ] ; then\n    # print error to STDERR\n    echo \"error: The sandbox is not in sync with the Podfile.lock. Run 'pod install' or update your CocoaPods installation.\" >&2\n    exit 1\nfi\n# This output is used by Xcode 'outputs' to avoid re-running this script phase.\necho \"SUCCESS\" > \"${SCRIPT_OUTPUT_FILE_0}\"\n";
			showEnvVarsInLog = 0;
		};
/* End PBXShellScriptBuildPhase section */

/* Begin PBXSourcesBuildPhase section */
		A73FDCDF20FA9C5C007EBF4F /* Sources */ = {
			isa = PBXSourcesBuildPhase;
			buildActionMask = 2147483647;
			files = (
				A73FDCF720FA9C72007EBF4F /* NXUSBDevice.m in Sources */,
				A73FDCF420FA9C72007EBF4F /* NXExec.m in Sources */,
				A73FDCF520FA9C72007EBF4F /* NXUSBDeviceEnumerator.m in Sources */,
			);
			runOnlyForDeploymentPostprocessing = 0;
		};
		A7FDBE1020EE27DD00E59587 /* Sources */ = {
			isa = PBXSourcesBuildPhase;
			buildActionMask = 2147483647;
			files = (
				A7FDBE2720EE27DE00E59587 /* main.m in Sources */,
				A7C4EA1620EE2D1B0026FFC9 /* MainViewController.m in Sources */,
				A765643F20F4D265005EC7E6 /* AppConfig.m in Sources */,
				A7458B4A20EF8286008F4899 /* GettingStartedViewController.m in Sources */,
				A78D523520F343EC0045FC4F /* AboutScreenViewController.m in Sources */,
				A7B7E1FD20EE738300F39094 /* BootProfilesViewController.m in Sources */,
				A7FDBE1920EE27DD00E59587 /* AppDelegate.m in Sources */,
				A7F0A88C20F4837F001C9D07 /* BootProfileEditViewController.m in Sources */,
				A7F0A88F20F48492001C9D07 /* Model.xcdatamodeld in Sources */,
			);
			runOnlyForDeploymentPostprocessing = 0;
		};
/* End PBXSourcesBuildPhase section */

/* Begin PBXVariantGroup section */
		A701176320EE677F00B3D45B /* Main.storyboard */ = {
			isa = PBXVariantGroup;
			children = (
				A701176420EE677F00B3D45B /* Base */,
			);
			name = Main.storyboard;
			sourceTree = "<group>";
		};
		A7FDBE2220EE27DE00E59587 /* LaunchScreen.storyboard */ = {
			isa = PBXVariantGroup;
			children = (
				A7FDBE2320EE27DE00E59587 /* Base */,
			);
			name = LaunchScreen.storyboard;
			sourceTree = "<group>";
		};
/* End PBXVariantGroup section */

/* Begin XCBuildConfiguration section */
		A73FDCEA20FA9C5C007EBF4F /* Debug */ = {
			isa = XCBuildConfiguration;
			buildSettings = {
				CODE_SIGN_STYLE = Automatic;
				IPHONEOS_DEPLOYMENT_TARGET = 7.0;
				OTHER_LDFLAGS = "-ObjC";
				PRODUCT_NAME = "$(TARGET_NAME)";
				SKIP_INSTALL = YES;
				TARGETED_DEVICE_FAMILY = "1,2";
			};
			name = Debug;
		};
		A73FDCEB20FA9C5C007EBF4F /* Release */ = {
			isa = XCBuildConfiguration;
			buildSettings = {
				CODE_SIGN_STYLE = Automatic;
				IPHONEOS_DEPLOYMENT_TARGET = 7.0;
				OTHER_LDFLAGS = "-ObjC";
				PRODUCT_NAME = "$(TARGET_NAME)";
				SKIP_INSTALL = YES;
				TARGETED_DEVICE_FAMILY = "1,2";
			};
			name = Release;
		};
		A7FDBE2820EE27DE00E59587 /* Debug */ = {
			isa = XCBuildConfiguration;
			buildSettings = {
				ALWAYS_SEARCH_USER_PATHS = NO;
				CLANG_ANALYZER_NONNULL = YES;
				CLANG_ANALYZER_NUMBER_OBJECT_CONVERSION = YES_AGGRESSIVE;
				CLANG_CXX_LANGUAGE_STANDARD = "gnu++14";
				CLANG_CXX_LIBRARY = "libc++";
				CLANG_ENABLE_MODULES = YES;
				CLANG_ENABLE_OBJC_ARC = YES;
				CLANG_ENABLE_OBJC_WEAK = YES;
				CLANG_WARN_BLOCK_CAPTURE_AUTORELEASING = YES;
				CLANG_WARN_BOOL_CONVERSION = YES;
				CLANG_WARN_COMMA = YES;
				CLANG_WARN_CONSTANT_CONVERSION = YES;
				CLANG_WARN_DEPRECATED_OBJC_IMPLEMENTATIONS = YES;
				CLANG_WARN_DIRECT_OBJC_ISA_USAGE = YES_ERROR;
				CLANG_WARN_DOCUMENTATION_COMMENTS = YES;
				CLANG_WARN_EMPTY_BODY = YES;
				CLANG_WARN_ENUM_CONVERSION = YES;
				CLANG_WARN_INFINITE_RECURSION = YES;
				CLANG_WARN_INT_CONVERSION = YES;
				CLANG_WARN_NON_LITERAL_NULL_CONVERSION = YES;
				CLANG_WARN_OBJC_IMPLICIT_RETAIN_SELF = YES;
				CLANG_WARN_OBJC_LITERAL_CONVERSION = YES;
				CLANG_WARN_OBJC_ROOT_CLASS = YES_ERROR;
				CLANG_WARN_RANGE_LOOP_ANALYSIS = YES;
				CLANG_WARN_STRICT_PROTOTYPES = YES;
				CLANG_WARN_SUSPICIOUS_MOVE = YES;
				CLANG_WARN_UNGUARDED_AVAILABILITY = YES_AGGRESSIVE;
				CLANG_WARN_UNREACHABLE_CODE = YES;
				CLANG_WARN__DUPLICATE_METHOD_MATCH = YES;
				CODE_SIGN_IDENTITY = "iPhone Developer";
				COPY_PHASE_STRIP = NO;
				DEBUG_INFORMATION_FORMAT = dwarf;
				ENABLE_STRICT_OBJC_MSGSEND = YES;
				ENABLE_TESTABILITY = YES;
				GCC_C_LANGUAGE_STANDARD = gnu11;
				GCC_DYNAMIC_NO_PIC = NO;
				GCC_NO_COMMON_BLOCKS = YES;
				GCC_OPTIMIZATION_LEVEL = 0;
				GCC_PREPROCESSOR_DEFINITIONS = (
					"DEBUG=1",
					"$(inherited)",
				);
				GCC_WARN_64_TO_32_BIT_CONVERSION = YES;
				GCC_WARN_ABOUT_RETURN_TYPE = YES_ERROR;
				GCC_WARN_UNDECLARED_SELECTOR = YES;
				GCC_WARN_UNINITIALIZED_AUTOS = YES_AGGRESSIVE;
				GCC_WARN_UNUSED_FUNCTION = YES;
				GCC_WARN_UNUSED_VARIABLE = YES;
				IPHONEOS_DEPLOYMENT_TARGET = 10.0;
				MTL_ENABLE_DEBUG_INFO = YES;
				ONLY_ACTIVE_ARCH = YES;
				SDKROOT = iphoneos;
			};
			name = Debug;
		};
		A7FDBE2920EE27DE00E59587 /* Release */ = {
			isa = XCBuildConfiguration;
			buildSettings = {
				ALWAYS_SEARCH_USER_PATHS = NO;
				CLANG_ANALYZER_NONNULL = YES;
				CLANG_ANALYZER_NUMBER_OBJECT_CONVERSION = YES_AGGRESSIVE;
				CLANG_CXX_LANGUAGE_STANDARD = "gnu++14";
				CLANG_CXX_LIBRARY = "libc++";
				CLANG_ENABLE_MODULES = YES;
				CLANG_ENABLE_OBJC_ARC = YES;
				CLANG_ENABLE_OBJC_WEAK = YES;
				CLANG_WARN_BLOCK_CAPTURE_AUTORELEASING = YES;
				CLANG_WARN_BOOL_CONVERSION = YES;
				CLANG_WARN_COMMA = YES;
				CLANG_WARN_CONSTANT_CONVERSION = YES;
				CLANG_WARN_DEPRECATED_OBJC_IMPLEMENTATIONS = YES;
				CLANG_WARN_DIRECT_OBJC_ISA_USAGE = YES_ERROR;
				CLANG_WARN_DOCUMENTATION_COMMENTS = YES;
				CLANG_WARN_EMPTY_BODY = YES;
				CLANG_WARN_ENUM_CONVERSION = YES;
				CLANG_WARN_INFINITE_RECURSION = YES;
				CLANG_WARN_INT_CONVERSION = YES;
				CLANG_WARN_NON_LITERAL_NULL_CONVERSION = YES;
				CLANG_WARN_OBJC_IMPLICIT_RETAIN_SELF = YES;
				CLANG_WARN_OBJC_LITERAL_CONVERSION = YES;
				CLANG_WARN_OBJC_ROOT_CLASS = YES_ERROR;
				CLANG_WARN_RANGE_LOOP_ANALYSIS = YES;
				CLANG_WARN_STRICT_PROTOTYPES = YES;
				CLANG_WARN_SUSPICIOUS_MOVE = YES;
				CLANG_WARN_UNGUARDED_AVAILABILITY = YES_AGGRESSIVE;
				CLANG_WARN_UNREACHABLE_CODE = YES;
				CLANG_WARN__DUPLICATE_METHOD_MATCH = YES;
				CODE_SIGN_IDENTITY = "iPhone Developer";
				COPY_PHASE_STRIP = NO;
				DEBUG_INFORMATION_FORMAT = "dwarf-with-dsym";
				ENABLE_NS_ASSERTIONS = NO;
				ENABLE_STRICT_OBJC_MSGSEND = YES;
				GCC_C_LANGUAGE_STANDARD = gnu11;
				GCC_NO_COMMON_BLOCKS = YES;
				GCC_WARN_64_TO_32_BIT_CONVERSION = YES;
				GCC_WARN_ABOUT_RETURN_TYPE = YES_ERROR;
				GCC_WARN_UNDECLARED_SELECTOR = YES;
				GCC_WARN_UNINITIALIZED_AUTOS = YES_AGGRESSIVE;
				GCC_WARN_UNUSED_FUNCTION = YES;
				GCC_WARN_UNUSED_VARIABLE = YES;
				IPHONEOS_DEPLOYMENT_TARGET = 10.0;
				MTL_ENABLE_DEBUG_INFO = NO;
				SDKROOT = iphoneos;
				VALIDATE_PRODUCT = YES;
			};
			name = Release;
		};
		A7FDBE2B20EE27DE00E59587 /* Debug */ = {
			isa = XCBuildConfiguration;
			baseConfigurationReference = CCB33A19B7CC97EB47546F4F /* Pods-NXBoot.debug.xcconfig */;
			buildSettings = {
				ASSETCATALOG_COMPILER_APPICON_NAME = AppIcon;
				CODE_SIGN_ENTITLEMENTS = NXBoot/NXBoot.entitlements;
				CODE_SIGN_IDENTITY = "iPhone Developer";
				CODE_SIGN_STYLE = Automatic;
				DEVELOPMENT_TEAM = N3S4C3QL65;
				HEADER_SEARCH_PATHS = (
					"$(inherited)",
					"\"${PODS_ROOT}/Headers/Public\"",
					"\"${PODS_ROOT}/Headers/Public/AppCenter\"",
				);
				INFOPLIST_FILE = NXBoot/Info.plist;
				LD_RUNPATH_SEARCH_PATHS = (
					"$(inherited)",
					"@executable_path/Frameworks",
				);
				PRODUCT_BUNDLE_IDENTIFIER = com.mologie.NXBoot;
				PRODUCT_NAME = "$(TARGET_NAME)";
				PROVISIONING_PROFILE_SPECIFIER = "";
				TARGETED_DEVICE_FAMILY = "1,2";
			};
			name = Debug;
		};
		A7FDBE2C20EE27DE00E59587 /* Release */ = {
			isa = XCBuildConfiguration;
			baseConfigurationReference = 4F766E22F690D25403AB12FC /* Pods-NXBoot.release.xcconfig */;
			buildSettings = {
				ASSETCATALOG_COMPILER_APPICON_NAME = AppIcon;
				CODE_SIGN_ENTITLEMENTS = NXBoot/NXBoot.entitlements;
				CODE_SIGN_IDENTITY = "iPhone Developer";
				CODE_SIGN_STYLE = Automatic;
				DEVELOPMENT_TEAM = N3S4C3QL65;
				HEADER_SEARCH_PATHS = (
					"$(inherited)",
					"\"${PODS_ROOT}/Headers/Public\"",
					"\"${PODS_ROOT}/Headers/Public/AppCenter\"",
				);
				INFOPLIST_FILE = NXBoot/Info.plist;
				LD_RUNPATH_SEARCH_PATHS = (
					"$(inherited)",
					"@executable_path/Frameworks",
				);
				PRODUCT_BUNDLE_IDENTIFIER = com.mologie.NXBoot;
				PRODUCT_NAME = "$(TARGET_NAME)";
				PROVISIONING_PROFILE_SPECIFIER = "";
				TARGETED_DEVICE_FAMILY = "1,2";
			};
			name = Release;
		};
/* End XCBuildConfiguration section */

/* Begin XCConfigurationList section */
		A73FDCE920FA9C5C007EBF4F /* Build configuration list for PBXNativeTarget "NXBootKit" */ = {
			isa = XCConfigurationList;
			buildConfigurations = (
				A73FDCEA20FA9C5C007EBF4F /* Debug */,
				A73FDCEB20FA9C5C007EBF4F /* Release */,
			);
			defaultConfigurationIsVisible = 0;
			defaultConfigurationName = Release;
		};
		A7FDBE0F20EE27DD00E59587 /* Build configuration list for PBXProject "NXBoot" */ = {
			isa = XCConfigurationList;
			buildConfigurations = (
				A7FDBE2820EE27DE00E59587 /* Debug */,
				A7FDBE2920EE27DE00E59587 /* Release */,
			);
			defaultConfigurationIsVisible = 0;
			defaultConfigurationName = Release;
		};
		A7FDBE2A20EE27DE00E59587 /* Build configuration list for PBXNativeTarget "NXBoot" */ = {
			isa = XCConfigurationList;
			buildConfigurations = (
				A7FDBE2B20EE27DE00E59587 /* Debug */,
				A7FDBE2C20EE27DE00E59587 /* Release */,
			);
			defaultConfigurationIsVisible = 0;
			defaultConfigurationName = Release;
		};
/* End XCConfigurationList section */

/* Begin XCVersionGroup section */
		A7F0A88D20F48492001C9D07 /* Model.xcdatamodeld */ = {
			isa = XCVersionGroup;
			children = (
				A7F0A88E20F48492001C9D07 /* Model.xcdatamodel */,
			);
			currentVersion = A7F0A88E20F48492001C9D07 /* Model.xcdatamodel */;
			path = Model.xcdatamodeld;
			sourceTree = "<group>";
			versionGroupType = wrapper.xcdatamodel;
		};
/* End XCVersionGroup section */
	};
	rootObject = A7FDBE0C20EE27DD00E59587 /* Project object */;
}
