PODS:
  - AppCenter (1.6.1):
    - AppCenter/Analytics (= 1.6.1)
    - AppCenter/Crashes (= 1.6.1)
  - AppCenter/Analytics (1.6.1):
    - AppCenter/Core
  - AppCenter/Core (1.6.1)
  - AppCenter/Crashes (1.6.1):
    - AppCenter/Core

DEPENDENCIES:
  - AppCenter

SPEC REPOS:
  https://github.com/cocoapods/specs.git:
    - AppCenter

SPEC CHECKSUMS:
  AppCenter: f9eb653a45cece34549232f295aec05260dfc24f

PODFILE CHECKSUM: 31efd260a7e6e9a83393162c6e5c957092bcaf02

COCOAPODS: 1.5.3
